
Microsoft Visual Studio Solution File, Format Version 12.00
# Visual Studio Version 17
VisualStudioVersion = 17.12.35707.178
MinimumVisualStudioVersion = 10.0.40219.1
Project("{FAE04EC0-301F-11D3-BF4B-00C04F79EFBC}") = "AIG", "Source\AIG\AIG.csproj", "{6FF596A2-8D9E-43CB-A70C-9B7714FD4828}"
EndProject
Project("{FAE04EC0-301F-11D3-BF4B-00C04F79EFBC}") = "Avvera", "Source\Avvera\Avvera.csproj", "{6238A9CA-0709-4953-9793-967F3B5E97B2}"
EndProject
Project("{FAE04EC0-301F-11D3-BF4B-00C04F79EFBC}") = "Deutsche", "Source\Deutsche\Deutsche.csproj", "{234E5926-249F-4E39-9157-5561C3F38DB6}"
EndProject
Project("{FAE04EC0-301F-11D3-BF4B-00C04F79EFBC}") = "CompassOAM", "Source\CompassOAM\CompassOAM.csproj", "{08E86407-2801-4BE7-A407-7559795CC9AC}"
EndProject
Project("{FAE04EC0-301F-11D3-BF4B-00C04F79EFBC}") = "CompassRUI", "Source\CompassRUI\CompassRUI.csproj", "{40A78C60-330E-40C3-A3D2-F6633D9F5E70}"
EndProject
Project("{FAE04EC0-301F-11D3-BF4B-00C04F79EFBC}") = "Librerie", "Source\Librerie\Librerie.csproj", "{D154BFA2-8C98-420C-AC16-09E3577B2D22}"
EndProject
Global
	GlobalSection(SolutionConfigurationPlatforms) = preSolution
		Debug|Any CPU = Debug|Any CPU
		Debug|x86 = Debug|x86
		Release|Any CPU = Release|Any CPU
		Release|x86 = Release|x86
	EndGlobalSection
	GlobalSection(ProjectConfigurationPlatforms) = postSolution
		{6FF596A2-8D9E-43CB-A70C-9B7714FD4828}.Debug|Any CPU.ActiveCfg = Debug|x86
		{6FF596A2-8D9E-43CB-A70C-9B7714FD4828}.Debug|Any CPU.Build.0 = Debug|x86
		{6FF596A2-8D9E-43CB-A70C-9B7714FD4828}.Debug|x86.ActiveCfg = Debug|x86
		{6FF596A2-8D9E-43CB-A70C-9B7714FD4828}.Debug|x86.Build.0 = Debug|x86
		{6FF596A2-8D9E-43CB-A70C-9B7714FD4828}.Release|Any CPU.ActiveCfg = Release|x86
		{6FF596A2-8D9E-43CB-A70C-9B7714FD4828}.Release|Any CPU.Build.0 = Release|x86
		{6FF596A2-8D9E-43CB-A70C-9B7714FD4828}.Release|x86.ActiveCfg = Release|x86
		{6FF596A2-8D9E-43CB-A70C-9B7714FD4828}.Release|x86.Build.0 = Release|x86
		{6238A9CA-0709-4953-9793-967F3B5E97B2}.Debug|Any CPU.ActiveCfg = Debug|x86
		{6238A9CA-0709-4953-9793-967F3B5E97B2}.Debug|Any CPU.Build.0 = Debug|x86
		{6238A9CA-0709-4953-9793-967F3B5E97B2}.Debug|x86.ActiveCfg = Debug|x86
		{6238A9CA-0709-4953-9793-967F3B5E97B2}.Debug|x86.Build.0 = Debug|x86
		{6238A9CA-0709-4953-9793-967F3B5E97B2}.Release|Any CPU.ActiveCfg = Release|x86
		{6238A9CA-0709-4953-9793-967F3B5E97B2}.Release|Any CPU.Build.0 = Release|x86
		{6238A9CA-0709-4953-9793-967F3B5E97B2}.Release|x86.ActiveCfg = Release|x86
		{6238A9CA-0709-4953-9793-967F3B5E97B2}.Release|x86.Build.0 = Release|x86
		{234E5926-249F-4E39-9157-5561C3F38DB6}.Debug|Any CPU.ActiveCfg = Debug|x86
		{234E5926-249F-4E39-9157-5561C3F38DB6}.Debug|Any CPU.Build.0 = Debug|x86
		{234E5926-249F-4E39-9157-5561C3F38DB6}.Debug|x86.ActiveCfg = Debug|x86
		{234E5926-249F-4E39-9157-5561C3F38DB6}.Debug|x86.Build.0 = Debug|x86
		{234E5926-249F-4E39-9157-5561C3F38DB6}.Release|Any CPU.ActiveCfg = Release|x86
		{234E5926-249F-4E39-9157-5561C3F38DB6}.Release|Any CPU.Build.0 = Release|x86
		{234E5926-249F-4E39-9157-5561C3F38DB6}.Release|x86.ActiveCfg = Release|x86
		{234E5926-249F-4E39-9157-5561C3F38DB6}.Release|x86.Build.0 = Release|x86
		{08E86407-2801-4BE7-A407-7559795CC9AC}.Debug|Any CPU.ActiveCfg = Debug|x86
		{08E86407-2801-4BE7-A407-7559795CC9AC}.Debug|Any CPU.Build.0 = Debug|x86
		{08E86407-2801-4BE7-A407-7559795CC9AC}.Debug|x86.ActiveCfg = Debug|x86
		{08E86407-2801-4BE7-A407-7559795CC9AC}.Debug|x86.Build.0 = Debug|x86
		{08E86407-2801-4BE7-A407-7559795CC9AC}.Release|Any CPU.ActiveCfg = Release|x86
		{08E86407-2801-4BE7-A407-7559795CC9AC}.Release|Any CPU.Build.0 = Release|x86
		{08E86407-2801-4BE7-A407-7559795CC9AC}.Release|x86.ActiveCfg = Release|x86
		{08E86407-2801-4BE7-A407-7559795CC9AC}.Release|x86.Build.0 = Release|x86
		{40A78C60-330E-40C3-A3D2-F6633D9F5E70}.Debug|Any CPU.ActiveCfg = Debug|x86
		{40A78C60-330E-40C3-A3D2-F6633D9F5E70}.Debug|Any CPU.Build.0 = Debug|x86
		{40A78C60-330E-40C3-A3D2-F6633D9F5E70}.Debug|x86.ActiveCfg = Debug|x86
		{40A78C60-330E-40C3-A3D2-F6633D9F5E70}.Debug|x86.Build.0 = Debug|x86
		{40A78C60-330E-40C3-A3D2-F6633D9F5E70}.Release|Any CPU.ActiveCfg = Release|x86
		{40A78C60-330E-40C3-A3D2-F6633D9F5E70}.Release|Any CPU.Build.0 = Release|x86
		{40A78C60-330E-40C3-A3D2-F6633D9F5E70}.Release|x86.ActiveCfg = Release|x86
		{40A78C60-330E-40C3-A3D2-F6633D9F5E70}.Release|x86.Build.0 = Release|x86
		{D154BFA2-8C98-420C-AC16-09E3577B2D22}.Debug|Any CPU.ActiveCfg = Debug|x86
		{D154BFA2-8C98-420C-AC16-09E3577B2D22}.Debug|Any CPU.Build.0 = Debug|x86
		{D154BFA2-8C98-420C-AC16-09E3577B2D22}.Debug|x86.ActiveCfg = Debug|x86
		{D154BFA2-8C98-420C-AC16-09E3577B2D22}.Debug|x86.Build.0 = Debug|x86
		{D154BFA2-8C98-420C-AC16-09E3577B2D22}.Release|Any CPU.ActiveCfg = Release|x86
		{D154BFA2-8C98-420C-AC16-09E3577B2D22}.Release|Any CPU.Build.0 = Release|x86
		{D154BFA2-8C98-420C-AC16-09E3577B2D22}.Release|x86.ActiveCfg = Release|x86
		{D154BFA2-8C98-420C-AC16-09E3577B2D22}.Release|x86.Build.0 = Release|x86
	EndGlobalSection
	GlobalSection(SolutionProperties) = preSolution
		HideSolutionNode = FALSE
	EndGlobalSection
	GlobalSection(ExtensibilityGlobals) = postSolution
		SolutionGuid = {09AB0E19-4F9D-4842-AB6F-6E3BF2961B5B}
	EndGlobalSection
EndGlobal
